{
  "nodes": {
    "flake-compat": {
      "flake": false,
      "locked": {
        "lastModified": 1673956053,
        "narHash": "sha256-4gtG9iQuiKITOjNQQeQIpoIB6b16fm+504Ch3sNKLd8=",
        "owner": "edolstra",
        "repo": "flake-compat",
        "rev": "35bb57c0c8d8b62bbfd284272c928ceb64ddbde9",
        "type": "github"
      },
      "original": {
        "owner": "edolstra",
        "repo": "flake-compat",
        "type": "github"
      }
    },
    "flake-utils": {
      "locked": {
        "lastModified": 1678901627,
        "narHash": "sha256-U02riOqrKKzwjsxc/400XnElV+UtPUQWpANPlyazjH0=",
        "owner": "numtide",
        "repo": "flake-utils",
        "rev": "93a2b84fc4b70d9e089d029deacc3583435c2ed6",
        "type": "github"
      },
      "original": {
        "owner": "numtide",
        "repo": "flake-utils",
        "type": "github"
      }
    },
    "home-manager": {
      "inputs": {
        "nixpkgs": [
          "nixpkgs"
        ]
      },
      "locked": {
        "lastModified": 1681918601,
        "narHash": "sha256-bhBGPPXSbzkYiMI6avFJq79GtMngHYEje85/vXjJnts=",
        "owner": "nix-community",
        "repo": "home-manager",
        "rev": "dfe7024f7ed9a1ccf7417c9683b6839f0e6f83a4",
        "type": "github"
      },
      "original": {
        "owner": "nix-community",
        "repo": "home-manager",
        "type": "github"
      }
    },
    "nixos-hardware": {
      "locked": {
        "lastModified": 1680876084,
        "narHash": "sha256-eP9yxP0wc7XuVaODugh+ajgbFGaile2O1ihxiLxOuvU=",
        "owner": "NixOS",
        "repo": "nixos-hardware",
        "rev": "3006d2860a6ed5e01b0c3e7ffb730e9b293116e2",
        "type": "github"
      },
      "original": {
        "owner": "NixOS",
        "repo": "nixos-hardware",
        "type": "github"
      }
    },
    "nixos-wsl": {
      "inputs": {
        "flake-compat": "flake-compat",
        "flake-utils": "flake-utils",
        "nixpkgs": "nixpkgs"
      },
      "locked": {
        "lastModified": 1681581389,
        "narHash": "sha256-+ygySqlQy0ejwE1aOF6i6Tiu63V0jxXik0aLlvmqioo=",
        "owner": "nix-community",
        "repo": "NixOS-WSL",
        "rev": "f3b6f6b04728416c64fc5ef52199fd9b9843c47d",
        "type": "github"
      },
      "original": {
        "owner": "nix-community",
        "repo": "NixOS-WSL",
        "type": "github"
      }
    },
    "nixpkgs": {
      "locked": {
        "lastModified": 1679710833,
        "narHash": "sha256-9yKVvGX1oAnlc8vTVvN2lRH35q6ETudQbM1w9ragMRU=",
        "owner": "NixOS",
        "repo": "nixpkgs",
        "rev": "83607dae4e05e1de755bbc7d7949b33fc1cfbbb9",
        "type": "github"
      },
      "original": {
        "owner": "NixOS",
        "ref": "nixos-22.11",
        "repo": "nixpkgs",
        "type": "github"
      }
    },
    "nixpkgs-mozilla": {
      "locked": {
        "lastModified": 1677493379,
        "narHash": "sha256-A1gO8zlWLv3+tZ3cGVB1WYvvoN9pbFyv0xIJHcTsckw=",
        "owner": "mozilla",
        "repo": "nixpkgs-mozilla",
        "rev": "78e723925daf5c9e8d0a1837ec27059e61649cb6",
        "type": "github"
      },
      "original": {
        "owner": "mozilla",
        "repo": "nixpkgs-mozilla",
        "type": "github"
      }
    },
    "nixpkgs-unstable": {
      "locked": {
        "lastModified": 1681737997,
        "narHash": "sha256-pHhjgsIkRMu80LmVe8QoKIZB6VZGRRxFmIvsC5S89k4=",
        "owner": "NixOS",
        "repo": "nixpkgs",
        "rev": "f00994e78cd39e6fc966f0c4103f908e63284780",
        "type": "github"
      },
      "original": {
        "owner": "NixOS",
        "ref": "nixos-unstable",
        "repo": "nixpkgs",
        "type": "github"
      }
    },
    "nixpkgs_2": {
      "locked": {
        "lastModified": 1681759395,
        "narHash": "sha256-7aaRtLxLAy8qFVIA26ulB+Q5nDVzuQ71qi0s0wMjAws=",
        "owner": "NixOS",
        "repo": "nixpkgs",
        "rev": "cd749f58ba83f7155b7062dd49d08e5e47e44d50",
        "type": "github"
      },
      "original": {
        "owner": "NixOS",
        "ref": "nixos-22.11",
        "repo": "nixpkgs",
        "type": "github"
      }
    },
    "root": {
      "inputs": {
        "home-manager": "home-manager",
        "nixos-hardware": "nixos-hardware",
        "nixos-wsl": "nixos-wsl",
        "nixpkgs": "nixpkgs_2",
        "nixpkgs-mozilla": "nixpkgs-mozilla",
        "nixpkgs-unstable": "nixpkgs-unstable"
      }
    }
  },
  "root": "root",
  "version": 7
}
